
Microsoft Visual Studio Solution File, Format Version 12.00
# Visual Studio 15
VisualStudioVersion = 15.0.34320.172
MinimumVisualStudioVersion = 10.0.40219.1
Project("{FAE04EC0-301F-11D3-BF4B-00C04F79EFBC}") = "bluetootdeneme", "bluetootdeneme\bluetootdeneme.csproj", "{6894B7E4-02AB-4AE9-A536-BB93198521FB}"
EndProject
Global
	GlobalSection(SolutionConfigurationPlatforms) = preSolution
		Debug|Any CPU = Debug|Any CPU
		Release|Any CPU = Release|Any CPU
	EndGlobalSection
	GlobalSection(ProjectConfigurationPlatforms) = postSolution
		{6894B7E4-02AB-4AE9-A536-BB93198521FB}.Debug|Any CPU.ActiveCfg = Debug|Any CPU
		{6894B7E4-02AB-4AE9-A536-BB93198521FB}.Debug|Any CPU.Build.0 = Debug|Any CPU
		{6894B7E4-02AB-4AE9-A536-BB93198521FB}.Release|Any CPU.ActiveCfg = Release|Any CPU
		{6894B7E4-02AB-4AE9-A536-BB93198521FB}.Release|Any CPU.Build.0 = Release|Any CPU
	EndGlobalSection
	GlobalSection(SolutionProperties) = preSolution
		HideSolutionNode = FALSE
	EndGlobalSection
	GlobalSection(ExtensibilityGlobals) = postSolution
		SolutionGuid = {DF33EF99-6440-4525-B367-F7ACB6997FF9}
	EndGlobalSection
EndGlobal
